
Microsoft Visual Studio Solution File, Format Version 12.00
Project("{FAE04EC0-301F-11D3-BF4B-00C04F79EFBC}") = "UvodniHodina", "UvodniHodina\UvodniHodina.csproj", "{C7CD151F-B446-4AEA-99EA-07E4F1DB8BFF}"
EndProject
Project("{FAE04EC0-301F-11D3-BF4B-00C04F79EFBC}") = "PripravaNaTest", "PripravaNaTest\PripravaNaTest.csproj", "{FE6B1888-2669-4609-ADC7-0816BCD41F64}"
EndProject
Project("{FAE04EC0-301F-11D3-BF4B-00C04F79EFBC}") = "ProcviceniZakladu", "ProcviceniZakladu\ProcviceniZakladu.csproj", "{5EC48310-402B-4311-954C-6A61B3D26119}"
EndProject
Project("{FAE04EC0-301F-11D3-BF4B-00C04F79EFBC}") = "DruhaHodina", "DruhaHodina\DruhaHodina.csproj", "{46D458D0-FA54-4E97-B4EF-4A4C31DB7CAF}"
EndProject
Project("{FAE04EC0-301F-11D3-BF4B-00C04F79EFBC}") = "Example", "Example\Example.csproj", "{1FD1A7FD-222C-4C76-A392-A67DB81A7437}"
EndProject
Project("{FAE04EC0-301F-11D3-BF4B-00C04F79EFBC}") = "KamenNuzkyPapir", "KamenNuzkyPapir\KamenNuzkyPapir.csproj", "{A4DAA590-565A-4AD5-ABEC-BC664710F36F}"
EndProject
Project("{FAE04EC0-301F-11D3-BF4B-00C04F79EFBC}") = "Pole1", "Pole1\Pole1.csproj", "{222FA94D-3082-4887-BB5B-C9CF56350972}"
EndProject
Project("{FAE04EC0-301F-11D3-BF4B-00C04F79EFBC}") = "OpakovaniNaTest", "OpakovaniNaTest\OpakovaniNaTest.csproj", "{2E926A96-0AA4-43DF-B122-EFD9B1EA9049}"
EndProject
Global
	GlobalSection(SolutionConfigurationPlatforms) = preSolution
		Debug|Any CPU = Debug|Any CPU
		Release|Any CPU = Release|Any CPU
	EndGlobalSection
	GlobalSection(ProjectConfigurationPlatforms) = postSolution
		{C7CD151F-B446-4AEA-99EA-07E4F1DB8BFF}.Debug|Any CPU.ActiveCfg = Debug|Any CPU
		{C7CD151F-B446-4AEA-99EA-07E4F1DB8BFF}.Debug|Any CPU.Build.0 = Debug|Any CPU
		{C7CD151F-B446-4AEA-99EA-07E4F1DB8BFF}.Release|Any CPU.ActiveCfg = Release|Any CPU
		{C7CD151F-B446-4AEA-99EA-07E4F1DB8BFF}.Release|Any CPU.Build.0 = Release|Any CPU
		{FE6B1888-2669-4609-ADC7-0816BCD41F64}.Debug|Any CPU.ActiveCfg = Debug|Any CPU
		{FE6B1888-2669-4609-ADC7-0816BCD41F64}.Debug|Any CPU.Build.0 = Debug|Any CPU
		{FE6B1888-2669-4609-ADC7-0816BCD41F64}.Release|Any CPU.ActiveCfg = Release|Any CPU
		{FE6B1888-2669-4609-ADC7-0816BCD41F64}.Release|Any CPU.Build.0 = Release|Any CPU
		{5EC48310-402B-4311-954C-6A61B3D26119}.Debug|Any CPU.ActiveCfg = Debug|Any CPU
		{5EC48310-402B-4311-954C-6A61B3D26119}.Debug|Any CPU.Build.0 = Debug|Any CPU
		{5EC48310-402B-4311-954C-6A61B3D26119}.Release|Any CPU.ActiveCfg = Release|Any CPU
		{5EC48310-402B-4311-954C-6A61B3D26119}.Release|Any CPU.Build.0 = Release|Any CPU
		{46D458D0-FA54-4E97-B4EF-4A4C31DB7CAF}.Debug|Any CPU.ActiveCfg = Debug|Any CPU
		{46D458D0-FA54-4E97-B4EF-4A4C31DB7CAF}.Debug|Any CPU.Build.0 = Debug|Any CPU
		{46D458D0-FA54-4E97-B4EF-4A4C31DB7CAF}.Release|Any CPU.ActiveCfg = Release|Any CPU
		{46D458D0-FA54-4E97-B4EF-4A4C31DB7CAF}.Release|Any CPU.Build.0 = Release|Any CPU
		{1FD1A7FD-222C-4C76-A392-A67DB81A7437}.Debug|Any CPU.ActiveCfg = Debug|Any CPU
		{1FD1A7FD-222C-4C76-A392-A67DB81A7437}.Debug|Any CPU.Build.0 = Debug|Any CPU
		{1FD1A7FD-222C-4C76-A392-A67DB81A7437}.Release|Any CPU.ActiveCfg = Release|Any CPU
		{1FD1A7FD-222C-4C76-A392-A67DB81A7437}.Release|Any CPU.Build.0 = Release|Any CPU
		{A4DAA590-565A-4AD5-ABEC-BC664710F36F}.Debug|Any CPU.ActiveCfg = Debug|Any CPU
		{A4DAA590-565A-4AD5-ABEC-BC664710F36F}.Debug|Any CPU.Build.0 = Debug|Any CPU
		{A4DAA590-565A-4AD5-ABEC-BC664710F36F}.Release|Any CPU.ActiveCfg = Release|Any CPU
		{A4DAA590-565A-4AD5-ABEC-BC664710F36F}.Release|Any CPU.Build.0 = Release|Any CPU
		{222FA94D-3082-4887-BB5B-C9CF56350972}.Debug|Any CPU.ActiveCfg = Debug|Any CPU
		{222FA94D-3082-4887-BB5B-C9CF56350972}.Debug|Any CPU.Build.0 = Debug|Any CPU
		{222FA94D-3082-4887-BB5B-C9CF56350972}.Release|Any CPU.ActiveCfg = Release|Any CPU
		{222FA94D-3082-4887-BB5B-C9CF56350972}.Release|Any CPU.Build.0 = Release|Any CPU
		{2E926A96-0AA4-43DF-B122-EFD9B1EA9049}.Debug|Any CPU.ActiveCfg = Debug|Any CPU
		{2E926A96-0AA4-43DF-B122-EFD9B1EA9049}.Debug|Any CPU.Build.0 = Debug|Any CPU
		{2E926A96-0AA4-43DF-B122-EFD9B1EA9049}.Release|Any CPU.ActiveCfg = Release|Any CPU
		{2E926A96-0AA4-43DF-B122-EFD9B1EA9049}.Release|Any CPU.Build.0 = Release|Any CPU
	EndGlobalSection
	GlobalSection(NestedProjects) = preSolution
	EndGlobalSection
EndGlobal
